
Microsoft Visual Studio Solution File, Format Version 12.00
# Visual Studio Version 16
VisualStudioVersion = 16.0.30517.126
MinimumVisualStudioVersion = 10.0.40219.1
Project("{FAE04EC0-301F-11D3-BF4B-00C04F79EFBC}") = "SeatingSystem", "SeatingSystem.csproj", "{ADAA09F7-E8B8-4D4A-99E7-6864A2786B28}"
EndProject
Global
	GlobalSection(SolutionConfigurationPlatforms) = preSolution
		Debug|Any CPU = Debug|Any CPU
		Release|Any CPU = Release|Any CPU
	EndGlobalSection
	GlobalSection(ProjectConfigurationPlatforms) = postSolution
		{ADAA09F7-E8B8-4D4A-99E7-6864A2786B28}.Debug|Any CPU.ActiveCfg = Debug|Any CPU
		{ADAA09F7-E8B8-4D4A-99E7-6864A2786B28}.Debug|Any CPU.Build.0 = Debug|Any CPU
		{ADAA09F7-E8B8-4D4A-99E7-6864A2786B28}.Release|Any CPU.ActiveCfg = Release|Any CPU
		{ADAA09F7-E8B8-4D4A-99E7-6864A2786B28}.Release|Any CPU.Build.0 = Release|Any CPU
	EndGlobalSection
	GlobalSection(SolutionProperties) = preSolution
		HideSolutionNode = FALSE
	EndGlobalSection
	GlobalSection(ExtensibilityGlobals) = postSolution
		SolutionGuid = {69C5DB93-779C-4CA8-8D90-EBD911FAA993}
	EndGlobalSection
EndGlobal
