
Microsoft Visual Studio Solution File, Format Version 12.00
# Visual Studio Version 16
VisualStudioVersion = 16.0.30517.126
MinimumVisualStudioVersion = 10.0.40219.1
Project("{FAE04EC0-301F-11D3-BF4B-00C04F79EFBC}") = "CustomCustoms", "CustomCustoms.csproj", "{D75CC5F0-BFFD-4F29-9BA2-2DE241552066}"
EndProject
Global
	GlobalSection(SolutionConfigurationPlatforms) = preSolution
		Debug|Any CPU = Debug|Any CPU
		Release|Any CPU = Release|Any CPU
	EndGlobalSection
	GlobalSection(ProjectConfigurationPlatforms) = postSolution
		{D75CC5F0-BFFD-4F29-9BA2-2DE241552066}.Debug|Any CPU.ActiveCfg = Debug|Any CPU
		{D75CC5F0-BFFD-4F29-9BA2-2DE241552066}.Debug|Any CPU.Build.0 = Debug|Any CPU
		{D75CC5F0-BFFD-4F29-9BA2-2DE241552066}.Release|Any CPU.ActiveCfg = Release|Any CPU
		{D75CC5F0-BFFD-4F29-9BA2-2DE241552066}.Release|Any CPU.Build.0 = Release|Any CPU
	EndGlobalSection
	GlobalSection(SolutionProperties) = preSolution
		HideSolutionNode = FALSE
	EndGlobalSection
	GlobalSection(ExtensibilityGlobals) = postSolution
		SolutionGuid = {014855BE-3D5B-4B1E-98B5-8632067121C8}
	EndGlobalSection
EndGlobal
