
Microsoft Visual Studio Solution File, Format Version 12.00
# Visual Studio Version 16
VisualStudioVersion = 16.0.30517.126
MinimumVisualStudioVersion = 10.0.40219.1
Project("{FAE04EC0-301F-11D3-BF4B-00C04F79EFBC}") = "HandyHaversacks", "HandyHaversacks.csproj", "{FE56ADEF-99D1-45E0-8939-6C14946E4701}"
EndProject
Global
	GlobalSection(SolutionConfigurationPlatforms) = preSolution
		Debug|Any CPU = Debug|Any CPU
		Release|Any CPU = Release|Any CPU
	EndGlobalSection
	GlobalSection(ProjectConfigurationPlatforms) = postSolution
		{FE56ADEF-99D1-45E0-8939-6C14946E4701}.Debug|Any CPU.ActiveCfg = Debug|Any CPU
		{FE56ADEF-99D1-45E0-8939-6C14946E4701}.Debug|Any CPU.Build.0 = Debug|Any CPU
		{FE56ADEF-99D1-45E0-8939-6C14946E4701}.Release|Any CPU.ActiveCfg = Release|Any CPU
		{FE56ADEF-99D1-45E0-8939-6C14946E4701}.Release|Any CPU.Build.0 = Release|Any CPU
	EndGlobalSection
	GlobalSection(SolutionProperties) = preSolution
		HideSolutionNode = FALSE
	EndGlobalSection
	GlobalSection(ExtensibilityGlobals) = postSolution
		SolutionGuid = {9B3ECEF5-59D7-40ED-911A-EC33FD229E58}
	EndGlobalSection
EndGlobal
